// !$*UTF8*$!
{
	archiveVersion = 1;
	classes = {
	};
	objectVersion = 46;
	objects = {

/* Begin PBXBuildFile section */
		A3201CE61D17D4700062CB2A /* main.m in Sources */ = {isa = PBXBuildFile; fileRef = A3201CE51D17D4700062CB2A /* main.m */; };
		A3201CE91D17D4710062CB2A /* AppDelegate.m in Sources */ = {isa = PBXBuildFile; fileRef = A3201CE81D17D4710062CB2A /* AppDelegate.m */; };
		A3201CEC1D17D4710062CB2A /* ViewController.m in Sources */ = {isa = PBXBuildFile; fileRef = A3201CEB1D17D4710062CB2A /* ViewController.m */; };
		A3201CEF1D17D4720062CB2A /* Main.storyboard in Resources */ = {isa = PBXBuildFile; fileRef = A3201CED1D17D4720062CB2A /* Main.storyboard */; };
		A3201CF11D17D4720062CB2A /* Assets.xcassets in Resources */ = {isa = PBXBuildFile; fileRef = A3201CF01D17D4720062CB2A /* Assets.xcassets */; };
		A3201CF41D17D4720062CB2A /* LaunchScreen.storyboard in Resources */ = {isa = PBXBuildFile; fileRef = A3201CF21D17D4720062CB2A /* LaunchScreen.storyboard */; };
		A3201CFD1D17D6160062CB2A /* DownloadModel.m in Sources */ = {isa = PBXBuildFile; fileRef = A3201CFC1D17D6160062CB2A /* DownloadModel.m */; };
		A3201D001D17D76C0062CB2A /* RYFDownLoadManager.m in Sources */ = {isa = PBXBuildFile; fileRef = A3201CFF1D17D76C0062CB2A /* RYFDownLoadManager.m */; };
/* End PBXBuildFile section */

/* Begin PBXFileReference section */
		A3201CE11D17D4700062CB2A /* RYFDownLoadManager.app */ = {isa = PBXFileReference; explicitFileType = wrapper.application; includeInIndex = 0; path = RYFDownLoadManager.app; sourceTree = BUILT_PRODUCTS_DIR; };
		A3201CE51D17D4700062CB2A /* main.m */ = {isa = PBXFileReference; lastKnownFileType = sourcecode.c.objc; path = main.m; sourceTree = "<group>"; };
		A3201CE71D17D4710062CB2A /* AppDelegate.h */ = {isa = PBXFileReference; lastKnownFileType = sourcecode.c.h; path = AppDelegate.h; sourceTree = "<group>"; };
		A3201CE81D17D4710062CB2A /* AppDelegate.m */ = {isa = PBXFileReference; lastKnownFileType = sourcecode.c.objc; path = AppDelegate.m; sourceTree = "<group>"; };
		A3201CEA1D17D4710062CB2A /* ViewController.h */ = {isa = PBXFileReference; lastKnownFileType = sourcecode.c.h; path = ViewController.h; sourceTree = "<group>"; };
		A3201CEB1D17D4710062CB2A /* ViewController.m */ = {isa = PBXFileReference; lastKnownFileType = sourcecode.c.objc; path = ViewController.m; sourceTree = "<group>"; };
		A3201CEE1D17D4720062CB2A /* Base */ = {isa = PBXFileReference; lastKnownFileType = file.storyboard; name = Base; path = Base.lproj/Main.storyboard; sourceTree = "<group>"; };
		A3201CF01D17D4720062CB2A /* Assets.xcassets */ = {isa = PBXFileReference; lastKnownFileType = folder.assetcatalog; path = Assets.xcassets; sourceTree = "<group>"; };
		A3201CF31D17D4720062CB2A /* Base */ = {isa = PBXFileReference; lastKnownFileType = file.storyboard; name = Base; path = Base.lproj/LaunchScreen.storyboard; sourceTree = "<group>"; };
		A3201CF51D17D4720062CB2A /* Info.plist */ = {isa = PBXFileReference; lastKnownFileType = text.plist.xml; path = Info.plist; sourceTree = "<group>"; };
		A3201CFB1D17D6160062CB2A /* DownloadModel.h */ = {isa = PBXFileReference; fileEncoding = 4; lastKnownFileType = sourcecode.c.h; path = DownloadModel.h; sourceTree = "<group>"; };
		A3201CFC1D17D6160062CB2A /* DownloadModel.m */ = {isa = PBXFileReference; fileEncoding = 4; lastKnownFileType = sourcecode.c.objc; path = DownloadModel.m; sourceTree = "<group>"; };
		A3201CFE1D17D76B0062CB2A /* RYFDownLoadManager.h */ = {isa = PBXFileReference; fileEncoding = 4; lastKnownFileType = sourcecode.c.h; path = RYFDownLoadManager.h; sourceTree = "<group>"; };
		A3201CFF1D17D76C0062CB2A /* RYFDownLoadManager.m */ = {isa = PBXFileReference; fileEncoding = 4; lastKnownFileType = sourcecode.c.objc; path = RYFDownLoadManager.m; sourceTree = "<group>"; };
/* End PBXFileReference section */

/* Begin PBXFrameworksBuildPhase section */
		A3201CDE1D17D4700062CB2A /* Frameworks */ = {
			isa = PBXFrameworksBuildPhase;
			buildActionMask = 2147483647;
			files = (
			);
			runOnlyForDeploymentPostprocessing = 0;
		};
/* End PBXFrameworksBuildPhase section */

/* Begin PBXGroup section */
		A3201CD81D17D4700062CB2A = {
			isa = PBXGroup;
			children = (
				A3201CE31D17D4700062CB2A /* RYFDownLoadManager */,
				A3201CE21D17D4700062CB2A /* Products */,
			);
			sourceTree = "<group>";
		};
		A3201CE21D17D4700062CB2A /* Products */ = {
			isa = PBXGroup;
			children = (
				A3201CE11D17D4700062CB2A /* RYFDownLoadManager.app */,
			);
			name = Products;
			sourceTree = "<group>";
		};
		A3201CE31D17D4700062CB2A /* RYFDownLoadManager */ = {
			isa = PBXGroup;
			children = (
				A3201CE71D17D4710062CB2A /* AppDelegate.h */,
				A3201CE81D17D4710062CB2A /* AppDelegate.m */,
				A3201CEA1D17D4710062CB2A /* ViewController.h */,
				A3201CEB1D17D4710062CB2A /* ViewController.m */,
				A3201CED1D17D4720062CB2A /* Main.storyboard */,
				A3201CF01D17D4720062CB2A /* Assets.xcassets */,
				A3201CF21D17D4720062CB2A /* LaunchScreen.storyboard */,
				A3201CF51D17D4720062CB2A /* Info.plist */,
				A3201CE41D17D4700062CB2A /* Supporting Files */,
				A3201CFB1D17D6160062CB2A /* DownloadModel.h */,
				A3201CFC1D17D6160062CB2A /* DownloadModel.m */,
				A3201CFE1D17D76B0062CB2A /* RYFDownLoadManager.h */,
				A3201CFF1D17D76C0062CB2A /* RYFDownLoadManager.m */,
			);
			path = RYFDownLoadManager;
			sourceTree = "<group>";
		};
		A3201CE41D17D4700062CB2A /* Supporting Files */ = {
			isa = PBXGroup;
			children = (
				A3201CE51D17D4700062CB2A /* main.m */,
			);
			name = "Supporting Files";
			sourceTree = "<group>";
		};
/* End PBXGroup section */

/* Begin PBXNativeTarget section */
		A3201CE01D17D4700062CB2A /* RYFDownLoadManager */ = {
			isa = PBXNativeTarget;
			buildConfigurationList = A3201CF81D17D4720062CB2A /* Build configuration list for PBXNativeTarget "RYFDownLoadManager" */;
			buildPhases = (
				A3201CDD1D17D4700062CB2A /* Sources */,
				A3201CDE1D17D4700062CB2A /* Frameworks */,
				A3201CDF1D17D4700062CB2A /* Resources */,
			);
			buildRules = (
			);
			dependencies = (
			);
			name = RYFDownLoadManager;
			productName = RYFDownLoadManager;
			productReference = A3201CE11D17D4700062CB2A /* RYFDownLoadManager.app */;
			productType = "com.apple.product-type.application";
		};
/* End PBXNativeTarget section */

/* Begin PBXProject section */
		A3201CD91D17D4700062CB2A /* Project object */ = {
			isa = PBXProject;
			attributes = {
				LastUpgradeCheck = 0730;
				ORGANIZATIONNAME = "任玉飞";
				TargetAttributes = {
					A3201CE01D17D4700062CB2A = {
						CreatedOnToolsVersion = 7.3.1;
					};
				};
			};
			buildConfigurationList = A3201CDC1D17D4700062CB2A /* Build configuration list for PBXProject "RYFDownLoadManager" */;
			compatibilityVersion = "Xcode 3.2";
			developmentRegion = English;
			hasScannedForEncodings = 0;
			knownRegions = (
				en,
				Base,
			);
			mainGroup = A3201CD81D17D4700062CB2A;
			productRefGroup = A3201CE21D17D4700062CB2A /* Products */;
			projectDirPath = "";
			projectRoot = "";
			targets = (
				A3201CE01D17D4700062CB2A /* RYFDownLoadManager */,
			);
		};
/* End PBXProject section */

/* Begin PBXResourcesBuildPhase section */
		A3201CDF1D17D4700062CB2A /* Resources */ = {
			isa = PBXResourcesBuildPhase;
			buildActionMask = 2147483647;
			files = (
				A3201CF41D17D4720062CB2A /* LaunchScreen.storyboard in Resources */,
				A3201CF11D17D4720062CB2A /* Assets.xcassets in Resources */,
				A3201CEF1D17D4720062CB2A /* Main.storyboard in Resources */,
			);
			runOnlyForDeploymentPostprocessing = 0;
		};
/* End PBXResourcesBuildPhase section */

/* Begin PBXSourcesBuildPhase section */
		A3201CDD1D17D4700062CB2A /* Sources */ = {
			isa = PBXSourcesBuildPhase;
			buildActionMask = 2147483647;
			files = (
				A3201CEC1D17D4710062CB2A /* ViewController.m in Sources */,
				A3201CE91D17D4710062CB2A /* AppDelegate.m in Sources */,
				A3201CE61D17D4700062CB2A /* main.m in Sources */,
				A3201CFD1D17D6160062CB2A /* DownloadModel.m in Sources */,
				A3201D001D17D76C0062CB2A /* RYFDownLoadManager.m in Sources */,
			);
			runOnlyForDeploymentPostprocessing = 0;
		};
/* End PBXSourcesBuildPhase section */

/* Begin PBXVariantGroup section */
		A3201CED1D17D4720062CB2A /* Main.storyboard */ = {
			isa = PBXVariantGroup;
			children = (
				A3201CEE1D17D4720062CB2A /* Base */,
			);
			name = Main.storyboard;
			sourceTree = "<group>";
		};
		A3201CF21D17D4720062CB2A /* LaunchScreen.storyboard */ = {
			isa = PBXVariantGroup;
			children = (
				A3201CF31D17D4720062CB2A /* Base */,
			);
			name = LaunchScreen.storyboard;
			sourceTree = "<group>";
		};
/* End PBXVariantGroup section */

/* Begin XCBuildConfiguration section */
		A3201CF61D17D4720062CB2A /* Debug */ = {
			isa = XCBuildConfiguration;
			buildSettings = {
				ALWAYS_SEARCH_USER_PATHS = NO;
				CLANG_ANALYZER_NONNULL = YES;
				CLANG_CXX_LANGUAGE_STANDARD = "gnu++0x";
				CLANG_CXX_LIBRARY = "libc++";
				CLANG_ENABLE_MODULES = YES;
				CLANG_ENABLE_OBJC_ARC = YES;
				CLANG_WARN_BOOL_CONVERSION = YES;
				CLANG_WARN_CONSTANT_CONVERSION = YES;
				CLANG_WARN_DIRECT_OBJC_ISA_USAGE = YES_ERROR;
				CLANG_WARN_EMPTY_BODY = YES;
				CLANG_WARN_ENUM_CONVERSION = YES;
				CLANG_WARN_INT_CONVERSION = YES;
				CLANG_WARN_OBJC_ROOT_CLASS = YES_ERROR;
				CLANG_WARN_UNREACHABLE_CODE = YES;
				CLANG_WARN__DUPLICATE_METHOD_MATCH = YES;
				"CODE_SIGN_IDENTITY[sdk=iphoneos*]" = "iPhone Developer";
				COPY_PHASE_STRIP = NO;
				DEBUG_INFORMATION_FORMAT = dwarf;
				ENABLE_STRICT_OBJC_MSGSEND = YES;
				ENABLE_TESTABILITY = YES;
				GCC_C_LANGUAGE_STANDARD = gnu99;
				GCC_DYNAMIC_NO_PIC = NO;
				GCC_NO_COMMON_BLOCKS = YES;
				GCC_OPTIMIZATION_LEVEL = 0;
				GCC_PREPROCESSOR_DEFINITIONS = (
					"DEBUG=1",
					"$(inherited)",
				);
				GCC_WARN_64_TO_32_BIT_CONVERSION = YES;
				GCC_WARN_ABOUT_RETURN_TYPE = YES_ERROR;
				GCC_WARN_UNDECLARED_SELECTOR = YES;
				GCC_WARN_UNINITIALIZED_AUTOS = YES_AGGRESSIVE;
				GCC_WARN_UNUSED_FUNCTION = YES;
				GCC_WARN_UNUSED_VARIABLE = YES;
				IPHONEOS_DEPLOYMENT_TARGET = 9.3;
				MTL_ENABLE_DEBUG_INFO = YES;
				ONLY_ACTIVE_ARCH = YES;
				SDKROOT = iphoneos;
			};
			name = Debug;
		};
		A3201CF71D17D4720062CB2A /* Release */ = {
			isa = XCBuildConfiguration;
			buildSettings = {
				ALWAYS_SEARCH_USER_PATHS = NO;
				CLANG_ANALYZER_NONNULL = YES;
				CLANG_CXX_LANGUAGE_STANDARD = "gnu++0x";
				CLANG_CXX_LIBRARY = "libc++";
				CLANG_ENABLE_MODULES = YES;
				CLANG_ENABLE_OBJC_ARC = YES;
				CLANG_WARN_BOOL_CONVERSION = YES;
				CLANG_WARN_CONSTANT_CONVERSION = YES;
				CLANG_WARN_DIRECT_OBJC_ISA_USAGE = YES_ERROR;
				CLANG_WARN_EMPTY_BODY = YES;
				CLANG_WARN_ENUM_CONVERSION = YES;
				CLANG_WARN_INT_CONVERSION = YES;
				CLANG_WARN_OBJC_ROOT_CLASS = YES_ERROR;
				CLANG_WARN_UNREACHABLE_CODE = YES;
				CLANG_WARN__DUPLICATE_METHOD_MATCH = YES;
				"CODE_SIGN_IDENTITY[sdk=iphoneos*]" = "iPhone Developer";
				COPY_PHASE_STRIP = NO;
				DEBUG_INFORMATION_FORMAT = "dwarf-with-dsym";
				ENABLE_NS_ASSERTIONS = NO;
				ENABLE_STRICT_OBJC_MSGSEND = YES;
				GCC_C_LANGUAGE_STANDARD = gnu99;
				GCC_NO_COMMON_BLOCKS = YES;
				GCC_WARN_64_TO_32_BIT_CONVERSION = YES;
				GCC_WARN_ABOUT_RETURN_TYPE = YES_ERROR;
				GCC_WARN_UNDECLARED_SELECTOR = YES;
				GCC_WARN_UNINITIALIZED_AUTOS = YES_AGGRESSIVE;
				GCC_WARN_UNUSED_FUNCTION = YES;
				GCC_WARN_UNUSED_VARIABLE = YES;
				IPHONEOS_DEPLOYMENT_TARGET = 9.3;
				MTL_ENABLE_DEBUG_INFO = NO;
				SDKROOT = iphoneos;
				VALIDATE_PRODUCT = YES;
			};
			name = Release;
		};
		A3201CF91D17D4720062CB2A /* Debug */ = {
			isa = XCBuildConfiguration;
			buildSettings = {
				ASSETCATALOG_COMPILER_APPICON_NAME = AppIcon;
				INFOPLIST_FILE = RYFDownLoadManager/Info.plist;
				LD_RUNPATH_SEARCH_PATHS = "$(inherited) @executable_path/Frameworks";
				PRODUCT_BUNDLE_IDENTIFIER = RYF.RYFDownLoadManager;
				PRODUCT_NAME = "$(TARGET_NAME)";
			};
			name = Debug;
		};
		A3201CFA1D17D4720062CB2A /* Release */ = {
			isa = XCBuildConfiguration;
			buildSettings = {
				ASSETCATALOG_COMPILER_APPICON_NAME = AppIcon;
				INFOPLIST_FILE = RYFDownLoadManager/Info.plist;
				LD_RUNPATH_SEARCH_PATHS = "$(inherited) @executable_path/Frameworks";
				PRODUCT_BUNDLE_IDENTIFIER = RYF.RYFDownLoadManager;
				PRODUCT_NAME = "$(TARGET_NAME)";
			};
			name = Release;
		};
/* End XCBuildConfiguration section */

/* Begin XCConfigurationList section */
		A3201CDC1D17D4700062CB2A /* Build configuration list for PBXProject "RYFDownLoadManager" */ = {
			isa = XCConfigurationList;
			buildConfigurations = (
				A3201CF61D17D4720062CB2A /* Debug */,
				A3201CF71D17D4720062CB2A /* Release */,
			);
			defaultConfigurationIsVisible = 0;
			defaultConfigurationName = Release;
		};
		A3201CF81D17D4720062CB2A /* Build configuration list for PBXNativeTarget "RYFDownLoadManager" */ = {
			isa = XCConfigurationList;
			buildConfigurations = (
				A3201CF91D17D4720062CB2A /* Debug */,
				A3201CFA1D17D4720062CB2A /* Release */,
			);
			defaultConfigurationIsVisible = 0;
		};
/* End XCConfigurationList section */
	};
	rootObject = A3201CD91D17D4700062CB2A /* Project object */;
}
